// !$*UTF8*$!
{
	archiveVersion = 1;
	classes = {
	};
	objectVersion = 77;
	objects = {

/* Begin PBXBuildFile section */
		A22829772D6C839B00E55140 /* QuickSwitcherView.swift in Sources */ = {isa = PBXBuildFile; fileRef = A22829762D6C839B00E55140 /* QuickSwitcherView.swift */; };
		A22CABBA2D760014007F6513 /* GeneralSettingsView.swift in Sources */ = {isa = PBXBuildFile; fileRef = A22CABB92D760014007F6513 /* GeneralSettingsView.swift */; };
/* End PBXBuildFile section */

/* Begin PBXContainerItemProxy section */
		A2B2DB2E2D6A53E800A6C06D /* PBXContainerItemProxy */ = {
			isa = PBXContainerItemProxy;
			containerPortal = A2B2DB142D6A53E700A6C06D /* Project object */;
			proxyType = 1;
			remoteGlobalIDString = A2B2DB1B2D6A53E700A6C06D;
			remoteInfo = "clean-bible";
		};
		A2B2DB382D6A53E800A6C06D /* PBXContainerItemProxy */ = {
			isa = PBXContainerItemProxy;
			containerPortal = A2B2DB142D6A53E700A6C06D /* Project object */;
			proxyType = 1;
			remoteGlobalIDString = A2B2DB1B2D6A53E700A6C06D;
			remoteInfo = "clean-bible";
		};
/* End PBXContainerItemProxy section */

/* Begin PBXFileReference section */
		A22829762D6C839B00E55140 /* QuickSwitcherView.swift */ = {isa = PBXFileReference; lastKnownFileType = sourcecode.swift; path = QuickSwitcherView.swift; sourceTree = "<group>"; };
		A22CABB92D760014007F6513 /* GeneralSettingsView.swift */ = {isa = PBXFileReference; lastKnownFileType = sourcecode.swift; path = GeneralSettingsView.swift; sourceTree = "<group>"; };
		A2B2DB1C2D6A53E700A6C06D /* Pure Bible.app */ = {isa = PBXFileReference; explicitFileType = wrapper.application; includeInIndex = 0; path = "Pure Bible.app"; sourceTree = BUILT_PRODUCTS_DIR; };
		A2B2DB2D2D6A53E800A6C06D /* pure bibleTests.xctest */ = {isa = PBXFileReference; explicitFileType = wrapper.cfbundle; includeInIndex = 0; path = "pure bibleTests.xctest"; sourceTree = BUILT_PRODUCTS_DIR; };
		A2B2DB372D6A53E800A6C06D /* pure bibleUITests.xctest */ = {isa = PBXFileReference; explicitFileType = wrapper.cfbundle; includeInIndex = 0; path = "pure bibleUITests.xctest"; sourceTree = BUILT_PRODUCTS_DIR; };
/* End PBXFileReference section */

/* Begin PBXFileSystemSynchronizedRootGroup section */
		A2B2DB1E2D6A53E700A6C06D /* clean-bible */ = {
			isa = PBXFileSystemSynchronizedRootGroup;
			path = "clean-bible";
			sourceTree = "<group>";
		};
		A2B2DB302D6A53E800A6C06D /* clean-bibleTests */ = {
			isa = PBXFileSystemSynchronizedRootGroup;
			path = "clean-bibleTests";
			sourceTree = "<group>";
		};
		A2B2DB3A2D6A53E800A6C06D /* clean-bibleUITests */ = {
			isa = PBXFileSystemSynchronizedRootGroup;
			path = "clean-bibleUITests";
			sourceTree = "<group>";
		};
/* End PBXFileSystemSynchronizedRootGroup section */

/* Begin PBXFrameworksBuildPhase section */
		A2B2DB192D6A53E700A6C06D /* Frameworks */ = {
			isa = PBXFrameworksBuildPhase;
			buildActionMask = 2147483647;
			files = (
			);
			runOnlyForDeploymentPostprocessing = 0;
		};
		A2B2DB2A2D6A53E800A6C06D /* Frameworks */ = {
			isa = PBXFrameworksBuildPhase;
			buildActionMask = 2147483647;
			files = (
			);
			runOnlyForDeploymentPostprocessing = 0;
		};
		A2B2DB342D6A53E800A6C06D /* Frameworks */ = {
			isa = PBXFrameworksBuildPhase;
			buildActionMask = 2147483647;
			files = (
			);
			runOnlyForDeploymentPostprocessing = 0;
		};
/* End PBXFrameworksBuildPhase section */

/* Begin PBXGroup section */
		A2B2DB132D6A53E700A6C06D = {
			isa = PBXGroup;
			children = (
				A22CABB92D760014007F6513 /* GeneralSettingsView.swift */,
				A22829762D6C839B00E55140 /* QuickSwitcherView.swift */,
				A2B2DB1E2D6A53E700A6C06D /* clean-bible */,
				A2B2DB302D6A53E800A6C06D /* clean-bibleTests */,
				A2B2DB3A2D6A53E800A6C06D /* clean-bibleUITests */,
				A2B2DB1D2D6A53E700A6C06D /* Products */,
			);
			sourceTree = "<group>";
		};
		A2B2DB1D2D6A53E700A6C06D /* Products */ = {
			isa = PBXGroup;
			children = (
				A2B2DB1C2D6A53E700A6C06D /* Pure Bible.app */,
				A2B2DB2D2D6A53E800A6C06D /* pure bibleTests.xctest */,
				A2B2DB372D6A53E800A6C06D /* pure bibleUITests.xctest */,
			);
			name = Products;
			sourceTree = "<group>";
		};
/* End PBXGroup section */

/* Begin PBXNativeTarget section */
		A2B2DB1B2D6A53E700A6C06D /* pure bible */ = {
			isa = PBXNativeTarget;
			buildConfigurationList = A2B2DB412D6A53E800A6C06D /* Build configuration list for PBXNativeTarget "pure bible" */;
			buildPhases = (
				A2B2DB182D6A53E700A6C06D /* Sources */,
				A2B2DB192D6A53E700A6C06D /* Frameworks */,
				A2B2DB1A2D6A53E700A6C06D /* Resources */,
			);
			buildRules = (
			);
			dependencies = (
			);
			fileSystemSynchronizedGroups = (
				A2B2DB1E2D6A53E700A6C06D /* clean-bible */,
			);
			name = "pure bible";
			packageProductDependencies = (
			);
			productName = "clean-bible";
			productReference = A2B2DB1C2D6A53E700A6C06D /* Pure Bible.app */;
			productType = "com.apple.product-type.application";
		};
		A2B2DB2C2D6A53E800A6C06D /* pure bibleTests */ = {
			isa = PBXNativeTarget;
			buildConfigurationList = A2B2DB442D6A53E800A6C06D /* Build configuration list for PBXNativeTarget "pure bibleTests" */;
			buildPhases = (
				A2B2DB292D6A53E800A6C06D /* Sources */,
				A2B2DB2A2D6A53E800A6C06D /* Frameworks */,
				A2B2DB2B2D6A53E800A6C06D /* Resources */,
			);
			buildRules = (
			);
			dependencies = (
				A2B2DB2F2D6A53E800A6C06D /* PBXTargetDependency */,
			);
			fileSystemSynchronizedGroups = (
				A2B2DB302D6A53E800A6C06D /* clean-bibleTests */,
			);
			name = "pure bibleTests";
			packageProductDependencies = (
			);
			productName = "clean-bibleTests";
			productReference = A2B2DB2D2D6A53E800A6C06D /* pure bibleTests.xctest */;
			productType = "com.apple.product-type.bundle.unit-test";
		};
		A2B2DB362D6A53E800A6C06D /* pure bibleUITests */ = {
			isa = PBXNativeTarget;
			buildConfigurationList = A2B2DB472D6A53E800A6C06D /* Build configuration list for PBXNativeTarget "pure bibleUITests" */;
			buildPhases = (
				A2B2DB332D6A53E800A6C06D /* Sources */,
				A2B2DB342D6A53E800A6C06D /* Frameworks */,
				A2B2DB352D6A53E800A6C06D /* Resources */,
			);
			buildRules = (
			);
			dependencies = (
				A2B2DB392D6A53E800A6C06D /* PBXTargetDependency */,
			);
			fileSystemSynchronizedGroups = (
				A2B2DB3A2D6A53E800A6C06D /* clean-bibleUITests */,
			);
			name = "pure bibleUITests";
			packageProductDependencies = (
			);
			productName = "clean-bibleUITests";
			productReference = A2B2DB372D6A53E800A6C06D /* pure bibleUITests.xctest */;
			productType = "com.apple.product-type.bundle.ui-testing";
		};
/* End PBXNativeTarget section */

/* Begin PBXProject section */
		A2B2DB142D6A53E700A6C06D /* Project object */ = {
			isa = PBXProject;
			attributes = {
				BuildIndependentTargetsInParallel = 1;
				LastSwiftUpdateCheck = 1620;
				LastUpgradeCheck = 1620;
				TargetAttributes = {
					A2B2DB1B2D6A53E700A6C06D = {
						CreatedOnToolsVersion = 16.2;
					};
					A2B2DB2C2D6A53E800A6C06D = {
						CreatedOnToolsVersion = 16.2;
						TestTargetID = A2B2DB1B2D6A53E700A6C06D;
					};
					A2B2DB362D6A53E800A6C06D = {
						CreatedOnToolsVersion = 16.2;
						TestTargetID = A2B2DB1B2D6A53E700A6C06D;
					};
				};
			};
			buildConfigurationList = A2B2DB172D6A53E700A6C06D /* Build configuration list for PBXProject "pure bible" */;
			developmentRegion = en;
			hasScannedForEncodings = 0;
			knownRegions = (
				en,
				Base,
			);
			mainGroup = A2B2DB132D6A53E700A6C06D;
			minimizedProjectReferenceProxies = 1;
			packageReferences = (
			);
			preferredProjectObjectVersion = 77;
			productRefGroup = A2B2DB1D2D6A53E700A6C06D /* Products */;
			projectDirPath = "";
			projectRoot = "";
			targets = (
				A2B2DB1B2D6A53E700A6C06D /* pure bible */,
				A2B2DB2C2D6A53E800A6C06D /* pure bibleTests */,
				A2B2DB362D6A53E800A6C06D /* pure bibleUITests */,
			);
		};
/* End PBXProject section */

/* Begin PBXResourcesBuildPhase section */
		A2B2DB1A2D6A53E700A6C06D /* Resources */ = {
			isa = PBXResourcesBuildPhase;
			buildActionMask = 2147483647;
			files = (
			);
			runOnlyForDeploymentPostprocessing = 0;
		};
		A2B2DB2B2D6A53E800A6C06D /* Resources */ = {
			isa = PBXResourcesBuildPhase;
			buildActionMask = 2147483647;
			files = (
			);
			runOnlyForDeploymentPostprocessing = 0;
		};
		A2B2DB352D6A53E800A6C06D /* Resources */ = {
			isa = PBXResourcesBuildPhase;
			buildActionMask = 2147483647;
			files = (
			);
			runOnlyForDeploymentPostprocessing = 0;
		};
/* End PBXResourcesBuildPhase section */

/* Begin PBXSourcesBuildPhase section */
		A2B2DB182D6A53E700A6C06D /* Sources */ = {
			isa = PBXSourcesBuildPhase;
			buildActionMask = 2147483647;
			files = (
				A22829772D6C839B00E55140 /* QuickSwitcherView.swift in Sources */,
				A22CABBA2D760014007F6513 /* GeneralSettingsView.swift in Sources */,
			);
			runOnlyForDeploymentPostprocessing = 0;
		};
		A2B2DB292D6A53E800A6C06D /* Sources */ = {
			isa = PBXSourcesBuildPhase;
			buildActionMask = 2147483647;
			files = (
			);
			runOnlyForDeploymentPostprocessing = 0;
		};
		A2B2DB332D6A53E800A6C06D /* Sources */ = {
			isa = PBXSourcesBuildPhase;
			buildActionMask = 2147483647;
			files = (
			);
			runOnlyForDeploymentPostprocessing = 0;
		};
/* End PBXSourcesBuildPhase section */

/* Begin PBXTargetDependency section */
		A2B2DB2F2D6A53E800A6C06D /* PBXTargetDependency */ = {
			isa = PBXTargetDependency;
			target = A2B2DB1B2D6A53E700A6C06D /* pure bible */;
			targetProxy = A2B2DB2E2D6A53E800A6C06D /* PBXContainerItemProxy */;
		};
		A2B2DB392D6A53E800A6C06D /* PBXTargetDependency */ = {
			isa = PBXTargetDependency;
			target = A2B2DB1B2D6A53E700A6C06D /* pure bible */;
			targetProxy = A2B2DB382D6A53E800A6C06D /* PBXContainerItemProxy */;
		};
/* End PBXTargetDependency section */

/* Begin XCBuildConfiguration section */
		A2B2DB3F2D6A53E800A6C06D /* Debug */ = {
			isa = XCBuildConfiguration;
			buildSettings = {
				ALWAYS_SEARCH_USER_PATHS = NO;
				ASSETCATALOG_COMPILER_GENERATE_SWIFT_ASSET_SYMBOL_EXTENSIONS = YES;
				CLANG_ANALYZER_NONNULL = YES;
				CLANG_ANALYZER_NUMBER_OBJECT_CONVERSION = YES_AGGRESSIVE;
				CLANG_CXX_LANGUAGE_STANDARD = "gnu++20";
				CLANG_ENABLE_MODULES = YES;
				CLANG_ENABLE_OBJC_ARC = YES;
				CLANG_ENABLE_OBJC_WEAK = YES;
				CLANG_WARN_BLOCK_CAPTURE_AUTORELEASING = YES;
				CLANG_WARN_BOOL_CONVERSION = YES;
				CLANG_WARN_COMMA = YES;
				CLANG_WARN_CONSTANT_CONVERSION = YES;
				CLANG_WARN_DEPRECATED_OBJC_IMPLEMENTATIONS = YES;
				CLANG_WARN_DIRECT_OBJC_ISA_USAGE = YES_ERROR;
				CLANG_WARN_DOCUMENTATION_COMMENTS = YES;
				CLANG_WARN_EMPTY_BODY = YES;
				CLANG_WARN_ENUM_CONVERSION = YES;
				CLANG_WARN_INFINITE_RECURSION = YES;
				CLANG_WARN_INT_CONVERSION = YES;
				CLANG_WARN_NON_LITERAL_NULL_CONVERSION = YES;
				CLANG_WARN_OBJC_IMPLICIT_RETAIN_SELF = YES;
				CLANG_WARN_OBJC_LITERAL_CONVERSION = YES;
				CLANG_WARN_OBJC_ROOT_CLASS = YES_ERROR;
				CLANG_WARN_QUOTED_INCLUDE_IN_FRAMEWORK_HEADER = YES;
				CLANG_WARN_RANGE_LOOP_ANALYSIS = YES;
				CLANG_WARN_STRICT_PROTOTYPES = YES;
				CLANG_WARN_SUSPICIOUS_MOVE = YES;
				CLANG_WARN_UNGUARDED_AVAILABILITY = YES_AGGRESSIVE;
				CLANG_WARN_UNREACHABLE_CODE = YES;
				CLANG_WARN__DUPLICATE_METHOD_MATCH = YES;
				COPY_PHASE_STRIP = NO;
				DEBUG_INFORMATION_FORMAT = dwarf;
				ENABLE_STRICT_OBJC_MSGSEND = YES;
				ENABLE_TESTABILITY = YES;
				ENABLE_USER_SCRIPT_SANDBOXING = YES;
				GCC_C_LANGUAGE_STANDARD = gnu17;
				GCC_DYNAMIC_NO_PIC = NO;
				GCC_NO_COMMON_BLOCKS = YES;
				GCC_OPTIMIZATION_LEVEL = 0;
				GCC_PREPROCESSOR_DEFINITIONS = (
					"DEBUG=1",
					"$(inherited)",
				);
				GCC_WARN_64_TO_32_BIT_CONVERSION = YES;
				GCC_WARN_ABOUT_RETURN_TYPE = YES_ERROR;
				GCC_WARN_UNDECLARED_SELECTOR = YES;
				GCC_WARN_UNINITIALIZED_AUTOS = YES_AGGRESSIVE;
				GCC_WARN_UNUSED_FUNCTION = YES;
				GCC_WARN_UNUSED_VARIABLE = YES;
				LOCALIZATION_PREFERS_STRING_CATALOGS = YES;
				MTL_ENABLE_DEBUG_INFO = INCLUDE_SOURCE;
				MTL_FAST_MATH = YES;
				ONLY_ACTIVE_ARCH = YES;
				SWIFT_ACTIVE_COMPILATION_CONDITIONS = "DEBUG $(inherited)";
				SWIFT_OPTIMIZATION_LEVEL = "-Onone";
			};
			name = Debug;
		};
		A2B2DB402D6A53E800A6C06D /* Release */ = {
			isa = XCBuildConfiguration;
			buildSettings = {
				ALWAYS_SEARCH_USER_PATHS = NO;
				ASSETCATALOG_COMPILER_GENERATE_SWIFT_ASSET_SYMBOL_EXTENSIONS = YES;
				CLANG_ANALYZER_NONNULL = YES;
				CLANG_ANALYZER_NUMBER_OBJECT_CONVERSION = YES_AGGRESSIVE;
				CLANG_CXX_LANGUAGE_STANDARD = "gnu++20";
				CLANG_ENABLE_MODULES = YES;
				CLANG_ENABLE_OBJC_ARC = YES;
				CLANG_ENABLE_OBJC_WEAK = YES;
				CLANG_WARN_BLOCK_CAPTURE_AUTORELEASING = YES;
				CLANG_WARN_BOOL_CONVERSION = YES;
				CLANG_WARN_COMMA = YES;
				CLANG_WARN_CONSTANT_CONVERSION = YES;
				CLANG_WARN_DEPRECATED_OBJC_IMPLEMENTATIONS = YES;
				CLANG_WARN_DIRECT_OBJC_ISA_USAGE = YES_ERROR;
				CLANG_WARN_DOCUMENTATION_COMMENTS = YES;
				CLANG_WARN_EMPTY_BODY = YES;
				CLANG_WARN_ENUM_CONVERSION = YES;
				CLANG_WARN_INFINITE_RECURSION = YES;
				CLANG_WARN_INT_CONVERSION = YES;
				CLANG_WARN_NON_LITERAL_NULL_CONVERSION = YES;
				CLANG_WARN_OBJC_IMPLICIT_RETAIN_SELF = YES;
				CLANG_WARN_OBJC_LITERAL_CONVERSION = YES;
				CLANG_WARN_OBJC_ROOT_CLASS = YES_ERROR;
				CLANG_WARN_QUOTED_INCLUDE_IN_FRAMEWORK_HEADER = YES;
				CLANG_WARN_RANGE_LOOP_ANALYSIS = YES;
				CLANG_WARN_STRICT_PROTOTYPES = YES;
				CLANG_WARN_SUSPICIOUS_MOVE = YES;
				CLANG_WARN_UNGUARDED_AVAILABILITY = YES_AGGRESSIVE;
				CLANG_WARN_UNREACHABLE_CODE = YES;
				CLANG_WARN__DUPLICATE_METHOD_MATCH = YES;
				COPY_PHASE_STRIP = NO;
				DEBUG_INFORMATION_FORMAT = "dwarf-with-dsym";
				ENABLE_NS_ASSERTIONS = NO;
				ENABLE_STRICT_OBJC_MSGSEND = YES;
				ENABLE_USER_SCRIPT_SANDBOXING = YES;
				GCC_C_LANGUAGE_STANDARD = gnu17;
				GCC_NO_COMMON_BLOCKS = YES;
				GCC_WARN_64_TO_32_BIT_CONVERSION = YES;
				GCC_WARN_ABOUT_RETURN_TYPE = YES_ERROR;
				GCC_WARN_UNDECLARED_SELECTOR = YES;
				GCC_WARN_UNINITIALIZED_AUTOS = YES_AGGRESSIVE;
				GCC_WARN_UNUSED_FUNCTION = YES;
				GCC_WARN_UNUSED_VARIABLE = YES;
				LOCALIZATION_PREFERS_STRING_CATALOGS = YES;
				MTL_ENABLE_DEBUG_INFO = NO;
				MTL_FAST_MATH = YES;
				SWIFT_COMPILATION_MODE = wholemodule;
			};
			name = Release;
		};
		A2B2DB422D6A53E800A6C06D /* Debug */ = {
			isa = XCBuildConfiguration;
			buildSettings = {
				ASSETCATALOG_COMPILER_APPICON_NAME = AppIcon;
				ASSETCATALOG_COMPILER_GLOBAL_ACCENT_COLOR_NAME = AccentColor;
				ASSETCATALOG_COMPILER_INCLUDE_ALL_APPICON_ASSETS = YES;
				CODE_SIGN_ENTITLEMENTS = "clean-bible/clean_bible.entitlements";
				CODE_SIGN_STYLE = Automatic;
				CURRENT_PROJECT_VERSION = 1;
				DEVELOPMENT_ASSET_PATHS = "\"clean-bible/Preview Content\"";
				DEVELOPMENT_TEAM = BSN9DSQ2C4;
				ENABLE_HARDENED_RUNTIME = YES;
				ENABLE_PREVIEWS = YES;
				GENERATE_INFOPLIST_FILE = YES;
				INFOPLIST_KEY_CFBundleDisplayName = "pure bible";
				INFOPLIST_KEY_LSApplicationCategoryType = "public.app-category.books";
				"INFOPLIST_KEY_UIApplicationSceneManifest_Generation[sdk=iphoneos*]" = YES;
				"INFOPLIST_KEY_UIApplicationSceneManifest_Generation[sdk=iphonesimulator*]" = YES;
				"INFOPLIST_KEY_UIApplicationSupportsIndirectInputEvents[sdk=iphoneos*]" = YES;
				"INFOPLIST_KEY_UIApplicationSupportsIndirectInputEvents[sdk=iphonesimulator*]" = YES;
				"INFOPLIST_KEY_UILaunchScreen_Generation[sdk=iphoneos*]" = YES;
				"INFOPLIST_KEY_UILaunchScreen_Generation[sdk=iphonesimulator*]" = YES;
				"INFOPLIST_KEY_UIStatusBarStyle[sdk=iphoneos*]" = UIStatusBarStyleDefault;
				"INFOPLIST_KEY_UIStatusBarStyle[sdk=iphonesimulator*]" = UIStatusBarStyleDefault;
				INFOPLIST_KEY_UISupportedInterfaceOrientations_iPad = "UIInterfaceOrientationPortrait UIInterfaceOrientationPortraitUpsideDown UIInterfaceOrientationLandscapeLeft UIInterfaceOrientationLandscapeRight";
				INFOPLIST_KEY_UISupportedInterfaceOrientations_iPhone = "UIInterfaceOrientationPortrait UIInterfaceOrientationLandscapeLeft UIInterfaceOrientationLandscapeRight";
				IPHONEOS_DEPLOYMENT_TARGET = 18.0;
				LD_RUNPATH_SEARCH_PATHS = "@executable_path/Frameworks";
				"LD_RUNPATH_SEARCH_PATHS[sdk=macosx*]" = "@executable_path/../Frameworks";
				MACOSX_DEPLOYMENT_TARGET = 15.2;
				MARKETING_VERSION = 1.0;
				PRODUCT_BUNDLE_IDENTIFIER = "net.pruijs.clean-bible";
				PRODUCT_NAME = "Pure Bible";
				REGISTER_APP_GROUPS = NO;
				SDKROOT = auto;
				SUPPORTED_PLATFORMS = "iphoneos iphonesimulator macosx";
				SUPPORTS_MACCATALYST = NO;
				SWIFT_EMIT_LOC_STRINGS = YES;
				SWIFT_VERSION = 5.0;
				TARGETED_DEVICE_FAMILY = "1,2";
				XROS_DEPLOYMENT_TARGET = 2.2;
			};
			name = Debug;
		};
		A2B2DB432D6A53E800A6C06D /* Release */ = {
			isa = XCBuildConfiguration;
			buildSettings = {
				ASSETCATALOG_COMPILER_APPICON_NAME = AppIcon;
				ASSETCATALOG_COMPILER_GLOBAL_ACCENT_COLOR_NAME = AccentColor;
				ASSETCATALOG_COMPILER_INCLUDE_ALL_APPICON_ASSETS = YES;
				CODE_SIGN_ENTITLEMENTS = "clean-bible/clean_bible.entitlements";
				CODE_SIGN_STYLE = Automatic;
				CURRENT_PROJECT_VERSION = 1;
				DEVELOPMENT_ASSET_PATHS = "\"clean-bible/Preview Content\"";
				DEVELOPMENT_TEAM = BSN9DSQ2C4;
				ENABLE_HARDENED_RUNTIME = YES;
				ENABLE_PREVIEWS = YES;
				GENERATE_INFOPLIST_FILE = YES;
				INFOPLIST_KEY_CFBundleDisplayName = "pure bible";
				INFOPLIST_KEY_LSApplicationCategoryType = "public.app-category.books";
				"INFOPLIST_KEY_UIApplicationSceneManifest_Generation[sdk=iphoneos*]" = YES;
				"INFOPLIST_KEY_UIApplicationSceneManifest_Generation[sdk=iphonesimulator*]" = YES;
				"INFOPLIST_KEY_UIApplicationSupportsIndirectInputEvents[sdk=iphoneos*]" = YES;
				"INFOPLIST_KEY_UIApplicationSupportsIndirectInputEvents[sdk=iphonesimulator*]" = YES;
				"INFOPLIST_KEY_UILaunchScreen_Generation[sdk=iphoneos*]" = YES;
				"INFOPLIST_KEY_UILaunchScreen_Generation[sdk=iphonesimulator*]" = YES;
				"INFOPLIST_KEY_UIStatusBarStyle[sdk=iphoneos*]" = UIStatusBarStyleDefault;
				"INFOPLIST_KEY_UIStatusBarStyle[sdk=iphonesimulator*]" = UIStatusBarStyleDefault;
				INFOPLIST_KEY_UISupportedInterfaceOrientations_iPad = "UIInterfaceOrientationPortrait UIInterfaceOrientationPortraitUpsideDown UIInterfaceOrientationLandscapeLeft UIInterfaceOrientationLandscapeRight";
				INFOPLIST_KEY_UISupportedInterfaceOrientations_iPhone = "UIInterfaceOrientationPortrait UIInterfaceOrientationLandscapeLeft UIInterfaceOrientationLandscapeRight";
				IPHONEOS_DEPLOYMENT_TARGET = 18.0;
				LD_RUNPATH_SEARCH_PATHS = "@executable_path/Frameworks";
				"LD_RUNPATH_SEARCH_PATHS[sdk=macosx*]" = "@executable_path/../Frameworks";
				MACOSX_DEPLOYMENT_TARGET = 15.2;
				MARKETING_VERSION = 1.0;
				PRODUCT_BUNDLE_IDENTIFIER = "net.pruijs.clean-bible";
				PRODUCT_NAME = "Pure Bible";
				REGISTER_APP_GROUPS = NO;
				SDKROOT = auto;
				SUPPORTED_PLATFORMS = "iphoneos iphonesimulator macosx";
				SUPPORTS_MACCATALYST = NO;
				SWIFT_EMIT_LOC_STRINGS = YES;
				SWIFT_VERSION = 5.0;
				TARGETED_DEVICE_FAMILY = "1,2";
				XROS_DEPLOYMENT_TARGET = 2.2;
			};
			name = Release;
		};
		A2B2DB452D6A53E800A6C06D /* Debug */ = {
			isa = XCBuildConfiguration;
			buildSettings = {
				BUNDLE_LOADER = "$(TEST_HOST)";
				CODE_SIGN_STYLE = Automatic;
				CURRENT_PROJECT_VERSION = 1;
				DEVELOPMENT_TEAM = 7987W92JF6;
				GENERATE_INFOPLIST_FILE = YES;
				IPHONEOS_DEPLOYMENT_TARGET = 18.2;
				MACOSX_DEPLOYMENT_TARGET = 15.2;
				MARKETING_VERSION = 1.0;
				PRODUCT_BUNDLE_IDENTIFIER = "net.pruijs.clean-bibleTests";
				PRODUCT_NAME = "$(TARGET_NAME)";
				SDKROOT = auto;
				SUPPORTED_PLATFORMS = "iphoneos iphonesimulator macosx xros xrsimulator";
				SWIFT_EMIT_LOC_STRINGS = NO;
				SWIFT_VERSION = 5.0;
				TARGETED_DEVICE_FAMILY = "1,2,7";
				TEST_HOST = "$(BUILT_PRODUCTS_DIR)/pure bible.app/$(BUNDLE_EXECUTABLE_FOLDER_PATH)/pure bible";
				XROS_DEPLOYMENT_TARGET = 2.2;
			};
			name = Debug;
		};
		A2B2DB462D6A53E800A6C06D /* Release */ = {
			isa = XCBuildConfiguration;
			buildSettings = {
				BUNDLE_LOADER = "$(TEST_HOST)";
				CODE_SIGN_STYLE = Automatic;
				CURRENT_PROJECT_VERSION = 1;
				DEVELOPMENT_TEAM = 7987W92JF6;
				GENERATE_INFOPLIST_FILE = YES;
				IPHONEOS_DEPLOYMENT_TARGET = 18.2;
				MACOSX_DEPLOYMENT_TARGET = 15.2;
				MARKETING_VERSION = 1.0;
				PRODUCT_BUNDLE_IDENTIFIER = "net.pruijs.clean-bibleTests";
				PRODUCT_NAME = "$(TARGET_NAME)";
				SDKROOT = auto;
				SUPPORTED_PLATFORMS = "iphoneos iphonesimulator macosx xros xrsimulator";
				SWIFT_EMIT_LOC_STRINGS = NO;
				SWIFT_VERSION = 5.0;
				TARGETED_DEVICE_FAMILY = "1,2,7";
				TEST_HOST = "$(BUILT_PRODUCTS_DIR)/pure bible.app/$(BUNDLE_EXECUTABLE_FOLDER_PATH)/pure bible";
				XROS_DEPLOYMENT_TARGET = 2.2;
			};
			name = Release;
		};
		A2B2DB482D6A53E800A6C06D /* Debug */ = {
			isa = XCBuildConfiguration;
			buildSettings = {
				CODE_SIGN_STYLE = Automatic;
				CURRENT_PROJECT_VERSION = 1;
				DEVELOPMENT_TEAM = 7987W92JF6;
				GENERATE_INFOPLIST_FILE = YES;
				IPHONEOS_DEPLOYMENT_TARGET = 18.2;
				MACOSX_DEPLOYMENT_TARGET = 15.2;
				MARKETING_VERSION = 1.0;
				PRODUCT_BUNDLE_IDENTIFIER = "net.pruijs.clean-bibleUITests";
				PRODUCT_NAME = "$(TARGET_NAME)";
				SDKROOT = auto;
				SUPPORTED_PLATFORMS = "iphoneos iphonesimulator macosx xros xrsimulator";
				SWIFT_EMIT_LOC_STRINGS = NO;
				SWIFT_VERSION = 5.0;
				TARGETED_DEVICE_FAMILY = "1,2,7";
				TEST_TARGET_NAME = "clean-bible";
				XROS_DEPLOYMENT_TARGET = 2.2;
			};
			name = Debug;
		};
		A2B2DB492D6A53E800A6C06D /* Release */ = {
			isa = XCBuildConfiguration;
			buildSettings = {
				CODE_SIGN_STYLE = Automatic;
				CURRENT_PROJECT_VERSION = 1;
				DEVELOPMENT_TEAM = 7987W92JF6;
				GENERATE_INFOPLIST_FILE = YES;
				IPHONEOS_DEPLOYMENT_TARGET = 18.2;
				MACOSX_DEPLOYMENT_TARGET = 15.2;
				MARKETING_VERSION = 1.0;
				PRODUCT_BUNDLE_IDENTIFIER = "net.pruijs.clean-bibleUITests";
				PRODUCT_NAME = "$(TARGET_NAME)";
				SDKROOT = auto;
				SUPPORTED_PLATFORMS = "iphoneos iphonesimulator macosx xros xrsimulator";
				SWIFT_EMIT_LOC_STRINGS = NO;
				SWIFT_VERSION = 5.0;
				TARGETED_DEVICE_FAMILY = "1,2,7";
				TEST_TARGET_NAME = "clean-bible";
				XROS_DEPLOYMENT_TARGET = 2.2;
			};
			name = Release;
		};
/* End XCBuildConfiguration section */

/* Begin XCConfigurationList section */
		A2B2DB172D6A53E700A6C06D /* Build configuration list for PBXProject "pure bible" */ = {
			isa = XCConfigurationList;
			buildConfigurations = (
				A2B2DB3F2D6A53E800A6C06D /* Debug */,
				A2B2DB402D6A53E800A6C06D /* Release */,
			);
			defaultConfigurationIsVisible = 0;
			defaultConfigurationName = Release;
		};
		A2B2DB412D6A53E800A6C06D /* Build configuration list for PBXNativeTarget "pure bible" */ = {
			isa = XCConfigurationList;
			buildConfigurations = (
				A2B2DB422D6A53E800A6C06D /* Debug */,
				A2B2DB432D6A53E800A6C06D /* Release */,
			);
			defaultConfigurationIsVisible = 0;
			defaultConfigurationName = Release;
		};
		A2B2DB442D6A53E800A6C06D /* Build configuration list for PBXNativeTarget "pure bibleTests" */ = {
			isa = XCConfigurationList;
			buildConfigurations = (
				A2B2DB452D6A53E800A6C06D /* Debug */,
				A2B2DB462D6A53E800A6C06D /* Release */,
			);
			defaultConfigurationIsVisible = 0;
			defaultConfigurationName = Release;
		};
		A2B2DB472D6A53E800A6C06D /* Build configuration list for PBXNativeTarget "pure bibleUITests" */ = {
			isa = XCConfigurationList;
			buildConfigurations = (
				A2B2DB482D6A53E800A6C06D /* Debug */,
				A2B2DB492D6A53E800A6C06D /* Release */,
			);
			defaultConfigurationIsVisible = 0;
			defaultConfigurationName = Release;
		};
/* End XCConfigurationList section */
	};
	rootObject = A2B2DB142D6A53E700A6C06D /* Project object */;
}
