{
  "originHash" : "69278bc166eac32e32795f405149c6fcfbae54537fe340d6137709051a59d663",
  "pins" : [
    {
      "identity" : "kbar",
      "kind" : "remoteSourceControl",
      "location" : "https://github.com/sempruijs/KBar",
      "state" : {
        "branch" : "main",
        "revision" : "56bc79c723da897ec5370013c8e2beb96144f280"
      }
    }
  ],
  "version" : 3
}
